<?xml version="1.0" encoding="utf-8"?>
<Project ToolsVersion="4.0" xmlns="http://schemas.microsoft.com/developer/msbuild/2003">
  <ItemGroup>
    <Filter Include="Source Files">
      <UniqueIdentifier>{4FC737F1-C7A5-4376-A066-2A32D752A2FF}</UniqueIdentifier>
      <Extensions>cpp;c;cc;cxx;def;odl;idl;hpj;bat;asm;asmx</Extensions>
    </Filter>
    <Filter Include="Header Files">
      <UniqueIdentifier>{93995380-89BD-4b04-88EB-625FBE52EBFB}</UniqueIdentifier>
      <Extensions>h;hh;hpp;hxx;hm;inl;inc;xsd</Extensions>
    </Filter>
    <Filter Include="Resource Files">
      <UniqueIdentifier>{67DA6AB6-F800-4c08-8B7A-83BB121AAD01}</UniqueIdentifier>
      <Extensions>rc;ico;cur;bmp;dlg;rc2;rct;bin;rgs;gif;jpg;jpeg;jpe;resx;tiff;tif;png;wav;mfcribbon-ms</Extensions>
    </Filter>
  </ItemGroup>
  <ItemGroup>
    <Text Include="ReadMe.txt" />
    <Text Include="include\readme.txt" />
    <Text Include="config\readme.txt" />
  </ItemGroup>
  <ItemGroup>
    <ClInclude Include="src\px-lat.h">
      <Filter>Header Files</Filter>
    </ClInclude>
    <ClInclude Include="Resource.h">
      <Filter>Header Files</Filter>
    </ClInclude>
    <ClInclude Include="targetver.h">
      <Filter>Header Files</Filter>
    </ClInclude>
    <ClInclude Include="stdafx.h">
      <Filter>Header Files</Filter>
    </ClInclude>
    <ClInclude Include="src\px\shell\opengl.h">
      <Filter>Header Files</Filter>
    </ClInclude>
    <ClInclude Include="src\px\shell\wingl.h">
      <Filter>Header Files</Filter>
    </ClInclude>
    <ClInclude Include="src\px\coordinate.hpp">
      <Filter>Header Files</Filter>
    </ClInclude>
    <ClInclude Include="src\px\map.hpp">
      <Filter>Header Files</Filter>
    </ClInclude>
    <ClInclude Include="src\px\point.hpp">
      <Filter>Header Files</Filter>
    </ClInclude>
    <ClInclude Include="src\px\rectangle.hpp">
      <Filter>Header Files</Filter>
    </ClInclude>
    <ClInclude Include="src\px\key.h">
      <Filter>Header Files</Filter>
    </ClInclude>
    <ClInclude Include="src\px\shell\font.h">
      <Filter>Header Files</Filter>
    </ClInclude>
    <ClInclude Include="src\px\shell\fps_counter.h">
      <Filter>Header Files</Filter>
    </ClInclude>
    <ClInclude Include="src\px\shell\renderer.h">
      <Filter>Header Files</Filter>
    </ClInclude>
    <ClInclude Include="src\px\shell\vao.h">
      <Filter>Header Files</Filter>
    </ClInclude>
    <ClInclude Include="src\px\vector.hpp">
      <Filter>Header Files</Filter>
    </ClInclude>
    <ClInclude Include="src\px\ui\symbol.h">
      <Filter>Header Files</Filter>
    </ClInclude>
    <ClInclude Include="src\px\string.h">
      <Filter>Header Files</Filter>
    </ClInclude>
    <ClInclude Include="src\px\ui\canvas.h">
      <Filter>Header Files</Filter>
    </ClInclude>
    <ClInclude Include="src\px\shell\image.h">
      <Filter>Header Files</Filter>
    </ClInclude>
    <ClInclude Include="src\px\control.h">
      <Filter>Header Files</Filter>
    </ClInclude>
    <ClInclude Include="src\px\ui\stack_panel.h">
      <Filter>Header Files</Filter>
    </ClInclude>
    <ClInclude Include="src\px\ui\panel.h">
      <Filter>Header Files</Filter>
    </ClInclude>
    <ClInclude Include="src\px\core\game.h">
      <Filter>Header Files</Filter>
    </ClInclude>
    <ClInclude Include="src\px\rl\iscene.hpp">
      <Filter>Header Files</Filter>
    </ClInclude>
    <ClInclude Include="src\px\rl\scene.h">
      <Filter>Header Files</Filter>
    </ClInclude>
    <ClInclude Include="src\px\core\engine.h">
      <Filter>Header Files</Filter>
    </ClInclude>
    <ClInclude Include="src\px\shell\timer.h">
      <Filter>Header Files</Filter>
    </ClInclude>
    <ClInclude Include="src\px\shell\font_texture.h">
      <Filter>Header Files</Filter>
    </ClInclude>
    <ClInclude Include="src\px\shell\program.h">
      <Filter>Header Files</Filter>
    </ClInclude>
    <ClInclude Include="src\px\shell\glsl.h">
      <Filter>Header Files</Filter>
    </ClInclude>
    <ClInclude Include="src\px\ui\alignment.h">
      <Filter>Header Files</Filter>
    </ClInclude>
    <ClInclude Include="src\px\ui\board_panel.h">
      <Filter>Header Files</Filter>
    </ClInclude>
    <ClInclude Include="src\px\ui\text_panel.h">
      <Filter>Header Files</Filter>
    </ClInclude>
    <ClInclude Include="src\px\core\game_control.hpp">
      <Filter>Header Files</Filter>
    </ClInclude>
    <ClInclude Include="src\px\color.hpp">
      <Filter>Header Files</Filter>
    </ClInclude>
    <ClInclude Include="src\px\core\library.h">
      <Filter>Header Files</Filter>
    </ClInclude>
    <ClInclude Include="src\px\es\unit.h">
      <Filter>Header Files</Filter>
    </ClInclude>
    <ClInclude Include="src\px\es\component.hpp">
      <Filter>Header Files</Filter>
    </ClInclude>
    <ClInclude Include="src\px\es\component_manager.hpp">
      <Filter>Header Files</Filter>
    </ClInclude>
    <ClInclude Include="src\px\es\component_link.hpp">
      <Filter>Header Files</Filter>
    </ClInclude>
    <ClInclude Include="src\px\shell\sprite_manager.hpp">
      <Filter>Header Files</Filter>
    </ClInclude>
  </ItemGroup>
  <ItemGroup>
    <ClCompile Include="src\px-lat.cpp">
      <Filter>Source Files</Filter>
    </ClCompile>
    <ClCompile Include="stdafx.cpp">
      <Filter>Source Files</Filter>
    </ClCompile>
    <ClCompile Include="src\px\shell\opengl.cpp">
      <Filter>Source Files</Filter>
    </ClCompile>
    <ClCompile Include="src\px\shell\wingl.cpp">
      <Filter>Source Files</Filter>
    </ClCompile>
    <ClCompile Include="src\px\shell\font.cpp">
      <Filter>Source Files</Filter>
    </ClCompile>
    <ClCompile Include="src\px\shell\fps_counter.cpp">
      <Filter>Source Files</Filter>
    </ClCompile>
    <ClCompile Include="src\px\ui\canvas.cpp">
      <Filter>Source Files</Filter>
    </ClCompile>
    <ClCompile Include="src\px\ui\stack_panel.cpp">
      <Filter>Source Files</Filter>
    </ClCompile>
    <ClCompile Include="src\px\ui\panel.cpp">
      <Filter>Source Files</Filter>
    </ClCompile>
    <ClCompile Include="src\px\shell\renderer.cpp">
      <Filter>Source Files</Filter>
    </ClCompile>
    <ClCompile Include="src\px\core\game.cpp">
      <Filter>Source Files</Filter>
    </ClCompile>
    <ClCompile Include="src\px\rl\scene.cpp">
      <Filter>Source Files</Filter>
    </ClCompile>
    <ClCompile Include="src\px\core\engine.cpp">
      <Filter>Source Files</Filter>
    </ClCompile>
    <ClCompile Include="src\px\shell\font_texture.cpp">
      <Filter>Source Files</Filter>
    </ClCompile>
    <ClCompile Include="src\px\ui\board_panel.cpp">
      <Filter>Source Files</Filter>
    </ClCompile>
  </ItemGroup>
  <ItemGroup>
    <Image Include="small.ico">
      <Filter>Resource Files</Filter>
    </Image>
    <Image Include="px-lat.ico">
      <Filter>Resource Files</Filter>
    </Image>
  </ItemGroup>
  <ItemGroup>
    <ResourceCompile Include="px-lat.rc">
      <Filter>Resource Files</Filter>
    </ResourceCompile>
  </ItemGroup>
  <ItemGroup>
    <None Include="config\common\shaders\ui_text.vert" />
    <None Include="config\common\shaders\ui_text.frag" />
    <None Include="config\common\shaders\ui_bg.frag" />
    <None Include="config\common\shaders\ui_bg.vert" />
    <None Include="config\common\shaders\sprite.frag" />
    <None Include="config\common\shaders\sprite.vert" />
  </ItemGroup>
</Project>